
Microsoft Visual Studio Solution File, Format Version 12.00
# Visual Studio 2012
Project("{FAE04EC0-301F-11D3-BF4B-00C04F79EFBC}") = "01.ComparingExchangingValues", "ComparingExchangingValues\01.ComparingExchangingValues.csproj", "{E6853C0C-E6F4-4D8B-8DC1-F5765699F89B}"
EndProject
Project("{FAE04EC0-301F-11D3-BF4B-00C04F79EFBC}") = "02.ProductOfNumbers", "ProductOfNumbers\02.ProductOfNumbers.csproj", "{E87EFF78-0964-4AD3-9350-DC6E528C6E09}"
EndProject
Project("{FAE04EC0-301F-11D3-BF4B-00C04F79EFBC}") = "03.BiggestNumber", "BiggestNumber\03.BiggestNumber.csproj", "{2DF41B1B-05A0-48DA-9B06-0779D5811768}"
EndProject
Project("{FAE04EC0-301F-11D3-BF4B-00C04F79EFBC}") = "04.ComparingNumbers", "ComparingNumbers\04.ComparingNumbers.csproj", "{3FF62171-B9A3-4187-B89E-1DBB9862FD93}"
EndProject
Project("{FAE04EC0-301F-11D3-BF4B-00C04F79EFBC}") = "06.QuadraticEquation", "QuadraticEquation\06.QuadraticEquation.csproj", "{4B39F065-47E1-412C-BF23-14766F7B0F77}"
EndProject
Project("{FAE04EC0-301F-11D3-BF4B-00C04F79EFBC}") = "05.DigitName", "DigitName\05.DigitName.csproj", "{2E0889F4-4500-461F-BC5F-427D21A9686E}"
EndProject
Project("{FAE04EC0-301F-11D3-BF4B-00C04F79EFBC}") = "07.BiggestNumber", "07.BiggestNumber\07.BiggestNumber.csproj", "{F5C15532-FE6C-481D-A849-EB30307B0569}"
EndProject
Project("{FAE04EC0-301F-11D3-BF4B-00C04F79EFBC}") = "08.ChooseVariables", "08.ChooseVariables\08.ChooseVariables.csproj", "{BB8DF9C2-1C1E-46D0-B4DF-477B9F96EC11}"
EndProject
Project("{FAE04EC0-301F-11D3-BF4B-00C04F79EFBC}") = "10.BonusScores", "10.BonusVariables\10.BonusScores.csproj", "{7A24C536-42ED-4389-A1BC-CEA38A051F24}"
EndProject
Project("{FAE04EC0-301F-11D3-BF4B-00C04F79EFBC}") = "09.SubsetSum", "09.SubsetSum\09.SubsetSum.csproj", "{2C5C6D23-4E6F-4C11-8996-083A663A5F81}"
EndProject
Global
	GlobalSection(SolutionConfigurationPlatforms) = preSolution
		Debug|Any CPU = Debug|Any CPU
		Release|Any CPU = Release|Any CPU
	EndGlobalSection
	GlobalSection(ProjectConfigurationPlatforms) = postSolution
		{E6853C0C-E6F4-4D8B-8DC1-F5765699F89B}.Debug|Any CPU.ActiveCfg = Debug|Any CPU
		{E6853C0C-E6F4-4D8B-8DC1-F5765699F89B}.Debug|Any CPU.Build.0 = Debug|Any CPU
		{E6853C0C-E6F4-4D8B-8DC1-F5765699F89B}.Release|Any CPU.ActiveCfg = Release|Any CPU
		{E6853C0C-E6F4-4D8B-8DC1-F5765699F89B}.Release|Any CPU.Build.0 = Release|Any CPU
		{E87EFF78-0964-4AD3-9350-DC6E528C6E09}.Debug|Any CPU.ActiveCfg = Debug|Any CPU
		{E87EFF78-0964-4AD3-9350-DC6E528C6E09}.Debug|Any CPU.Build.0 = Debug|Any CPU
		{E87EFF78-0964-4AD3-9350-DC6E528C6E09}.Release|Any CPU.ActiveCfg = Release|Any CPU
		{E87EFF78-0964-4AD3-9350-DC6E528C6E09}.Release|Any CPU.Build.0 = Release|Any CPU
		{2DF41B1B-05A0-48DA-9B06-0779D5811768}.Debug|Any CPU.ActiveCfg = Debug|Any CPU
		{2DF41B1B-05A0-48DA-9B06-0779D5811768}.Debug|Any CPU.Build.0 = Debug|Any CPU
		{2DF41B1B-05A0-48DA-9B06-0779D5811768}.Release|Any CPU.ActiveCfg = Release|Any CPU
		{2DF41B1B-05A0-48DA-9B06-0779D5811768}.Release|Any CPU.Build.0 = Release|Any CPU
		{3FF62171-B9A3-4187-B89E-1DBB9862FD93}.Debug|Any CPU.ActiveCfg = Debug|Any CPU
		{3FF62171-B9A3-4187-B89E-1DBB9862FD93}.Debug|Any CPU.Build.0 = Debug|Any CPU
		{3FF62171-B9A3-4187-B89E-1DBB9862FD93}.Release|Any CPU.ActiveCfg = Release|Any CPU
		{3FF62171-B9A3-4187-B89E-1DBB9862FD93}.Release|Any CPU.Build.0 = Release|Any CPU
		{4B39F065-47E1-412C-BF23-14766F7B0F77}.Debug|Any CPU.ActiveCfg = Debug|Any CPU
		{4B39F065-47E1-412C-BF23-14766F7B0F77}.Debug|Any CPU.Build.0 = Debug|Any CPU
		{4B39F065-47E1-412C-BF23-14766F7B0F77}.Release|Any CPU.ActiveCfg = Release|Any CPU
		{4B39F065-47E1-412C-BF23-14766F7B0F77}.Release|Any CPU.Build.0 = Release|Any CPU
		{2E0889F4-4500-461F-BC5F-427D21A9686E}.Debug|Any CPU.ActiveCfg = Debug|Any CPU
		{2E0889F4-4500-461F-BC5F-427D21A9686E}.Debug|Any CPU.Build.0 = Debug|Any CPU
		{2E0889F4-4500-461F-BC5F-427D21A9686E}.Release|Any CPU.ActiveCfg = Release|Any CPU
		{2E0889F4-4500-461F-BC5F-427D21A9686E}.Release|Any CPU.Build.0 = Release|Any CPU
		{F5C15532-FE6C-481D-A849-EB30307B0569}.Debug|Any CPU.ActiveCfg = Debug|Any CPU
		{F5C15532-FE6C-481D-A849-EB30307B0569}.Debug|Any CPU.Build.0 = Debug|Any CPU
		{F5C15532-FE6C-481D-A849-EB30307B0569}.Release|Any CPU.ActiveCfg = Release|Any CPU
		{F5C15532-FE6C-481D-A849-EB30307B0569}.Release|Any CPU.Build.0 = Release|Any CPU
		{BB8DF9C2-1C1E-46D0-B4DF-477B9F96EC11}.Debug|Any CPU.ActiveCfg = Debug|Any CPU
		{BB8DF9C2-1C1E-46D0-B4DF-477B9F96EC11}.Debug|Any CPU.Build.0 = Debug|Any CPU
		{BB8DF9C2-1C1E-46D0-B4DF-477B9F96EC11}.Release|Any CPU.ActiveCfg = Release|Any CPU
		{BB8DF9C2-1C1E-46D0-B4DF-477B9F96EC11}.Release|Any CPU.Build.0 = Release|Any CPU
		{7A24C536-42ED-4389-A1BC-CEA38A051F24}.Debug|Any CPU.ActiveCfg = Debug|Any CPU
		{7A24C536-42ED-4389-A1BC-CEA38A051F24}.Debug|Any CPU.Build.0 = Debug|Any CPU
		{7A24C536-42ED-4389-A1BC-CEA38A051F24}.Release|Any CPU.ActiveCfg = Release|Any CPU
		{7A24C536-42ED-4389-A1BC-CEA38A051F24}.Release|Any CPU.Build.0 = Release|Any CPU
		{2C5C6D23-4E6F-4C11-8996-083A663A5F81}.Debug|Any CPU.ActiveCfg = Debug|Any CPU
		{2C5C6D23-4E6F-4C11-8996-083A663A5F81}.Debug|Any CPU.Build.0 = Debug|Any CPU
		{2C5C6D23-4E6F-4C11-8996-083A663A5F81}.Release|Any CPU.ActiveCfg = Release|Any CPU
		{2C5C6D23-4E6F-4C11-8996-083A663A5F81}.Release|Any CPU.Build.0 = Release|Any CPU
	EndGlobalSection
	GlobalSection(SolutionProperties) = preSolution
		HideSolutionNode = FALSE
	EndGlobalSection
EndGlobal
